// !$*UTF8*$!
{
	archiveVersion = 1;
	classes = {
	};
	objectVersion = 56;
	objects = {

/* Begin PBXBuildFile section */
		3FE5A5F9290A7ED0000D2B45 /* AppDelegate.swift in Sources */ = {isa = PBXBuildFile; fileRef = 3FE5A5F8290A7ED0000D2B45 /* AppDelegate.swift */; };
		3FE5A5FB290A7ED0000D2B45 /* SceneDelegate.swift in Sources */ = {isa = PBXBuildFile; fileRef = 3FE5A5FA290A7ED0000D2B45 /* SceneDelegate.swift */; };
		3FE5A5FD290A7ED0000D2B45 /* ViewController.swift in Sources */ = {isa = PBXBuildFile; fileRef = 3FE5A5FC290A7ED0000D2B45 /* ViewController.swift */; };
		3FE5A600290A7ED0000D2B45 /* Main.storyboard in Resources */ = {isa = PBXBuildFile; fileRef = 3FE5A5FE290A7ED0000D2B45 /* Main.storyboard */; };
		3FE5A602290A7ED6000D2B45 /* Assets.xcassets in Resources */ = {isa = PBXBuildFile; fileRef = 3FE5A601290A7ED6000D2B45 /* Assets.xcassets */; };
		3FE5A605290A7ED6000D2B45 /* LaunchScreen.storyboard in Resources */ = {isa = PBXBuildFile; fileRef = 3FE5A603290A7ED6000D2B45 /* LaunchScreen.storyboard */; };
		3FE5A610290A7ED6000D2B45 /* Buddy_BookTests.swift in Sources */ = {isa = PBXBuildFile; fileRef = 3FE5A60F290A7ED6000D2B45 /* Buddy_BookTests.swift */; };
		3FE5A61A290A7ED7000D2B45 /* Buddy_BookUITests.swift in Sources */ = {isa = PBXBuildFile; fileRef = 3FE5A619290A7ED7000D2B45 /* Buddy_BookUITests.swift */; };
		3FE5A61C290A7ED7000D2B45 /* Buddy_BookUITestsLaunchTests.swift in Sources */ = {isa = PBXBuildFile; fileRef = 3FE5A61B290A7ED7000D2B45 /* Buddy_BookUITestsLaunchTests.swift */; };
/* End PBXBuildFile section */

/* Begin PBXContainerItemProxy section */
		3FE5A60C290A7ED6000D2B45 /* PBXContainerItemProxy */ = {
			isa = PBXContainerItemProxy;
			containerPortal = 3FE5A5ED290A7ED0000D2B45 /* Project object */;
			proxyType = 1;
			remoteGlobalIDString = 3FE5A5F4290A7ED0000D2B45;
			remoteInfo = "Buddy-Book";
		};
		3FE5A616290A7ED7000D2B45 /* PBXContainerItemProxy */ = {
			isa = PBXContainerItemProxy;
			containerPortal = 3FE5A5ED290A7ED0000D2B45 /* Project object */;
			proxyType = 1;
			remoteGlobalIDString = 3FE5A5F4290A7ED0000D2B45;
			remoteInfo = "Buddy-Book";
		};
/* End PBXContainerItemProxy section */

/* Begin PBXFileReference section */
		3FE5A5F5290A7ED0000D2B45 /* Buddy-Book.app */ = {isa = PBXFileReference; explicitFileType = wrapper.application; includeInIndex = 0; path = "Buddy-Book.app"; sourceTree = BUILT_PRODUCTS_DIR; };
		3FE5A5F8290A7ED0000D2B45 /* AppDelegate.swift */ = {isa = PBXFileReference; lastKnownFileType = sourcecode.swift; path = AppDelegate.swift; sourceTree = "<group>"; };
		3FE5A5FA290A7ED0000D2B45 /* SceneDelegate.swift */ = {isa = PBXFileReference; lastKnownFileType = sourcecode.swift; path = SceneDelegate.swift; sourceTree = "<group>"; };
		3FE5A5FC290A7ED0000D2B45 /* ViewController.swift */ = {isa = PBXFileReference; lastKnownFileType = sourcecode.swift; path = ViewController.swift; sourceTree = "<group>"; };
		3FE5A5FF290A7ED0000D2B45 /* Base */ = {isa = PBXFileReference; lastKnownFileType = file.storyboard; name = Base; path = Base.lproj/Main.storyboard; sourceTree = "<group>"; };
		3FE5A601290A7ED6000D2B45 /* Assets.xcassets */ = {isa = PBXFileReference; lastKnownFileType = folder.assetcatalog; path = Assets.xcassets; sourceTree = "<group>"; };
		3FE5A604290A7ED6000D2B45 /* Base */ = {isa = PBXFileReference; lastKnownFileType = file.storyboard; name = Base; path = Base.lproj/LaunchScreen.storyboard; sourceTree = "<group>"; };
		3FE5A606290A7ED6000D2B45 /* Info.plist */ = {isa = PBXFileReference; lastKnownFileType = text.plist.xml; path = Info.plist; sourceTree = "<group>"; };
		3FE5A60B290A7ED6000D2B45 /* Buddy-BookTests.xctest */ = {isa = PBXFileReference; explicitFileType = wrapper.cfbundle; includeInIndex = 0; path = "Buddy-BookTests.xctest"; sourceTree = BUILT_PRODUCTS_DIR; };
		3FE5A60F290A7ED6000D2B45 /* Buddy_BookTests.swift */ = {isa = PBXFileReference; lastKnownFileType = sourcecode.swift; path = Buddy_BookTests.swift; sourceTree = "<group>"; };
		3FE5A615290A7ED7000D2B45 /* Buddy-BookUITests.xctest */ = {isa = PBXFileReference; explicitFileType = wrapper.cfbundle; includeInIndex = 0; path = "Buddy-BookUITests.xctest"; sourceTree = BUILT_PRODUCTS_DIR; };
		3FE5A619290A7ED7000D2B45 /* Buddy_BookUITests.swift */ = {isa = PBXFileReference; lastKnownFileType = sourcecode.swift; path = Buddy_BookUITests.swift; sourceTree = "<group>"; };
		3FE5A61B290A7ED7000D2B45 /* Buddy_BookUITestsLaunchTests.swift */ = {isa = PBXFileReference; lastKnownFileType = sourcecode.swift; path = Buddy_BookUITestsLaunchTests.swift; sourceTree = "<group>"; };
/* End PBXFileReference section */

/* Begin PBXFrameworksBuildPhase section */
		3FE5A5F2290A7ED0000D2B45 /* Frameworks */ = {
			isa = PBXFrameworksBuildPhase;
			buildActionMask = 2147483647;
			files = (
			);
			runOnlyForDeploymentPostprocessing = 0;
		};
		3FE5A608290A7ED6000D2B45 /* Frameworks */ = {
			isa = PBXFrameworksBuildPhase;
			buildActionMask = 2147483647;
			files = (
			);
			runOnlyForDeploymentPostprocessing = 0;
		};
		3FE5A612290A7ED7000D2B45 /* Frameworks */ = {
			isa = PBXFrameworksBuildPhase;
			buildActionMask = 2147483647;
			files = (
			);
			runOnlyForDeploymentPostprocessing = 0;
		};
/* End PBXFrameworksBuildPhase section */

/* Begin PBXGroup section */
		3FE5A5EC290A7ED0000D2B45 = {
			isa = PBXGroup;
			children = (
				3FE5A5F7290A7ED0000D2B45 /* Buddy-Book */,
				3FE5A60E290A7ED6000D2B45 /* Buddy-BookTests */,
				3FE5A618290A7ED7000D2B45 /* Buddy-BookUITests */,
				3FE5A5F6290A7ED0000D2B45 /* Products */,
			);
			sourceTree = "<group>";
		};
		3FE5A5F6290A7ED0000D2B45 /* Products */ = {
			isa = PBXGroup;
			children = (
				3FE5A5F5290A7ED0000D2B45 /* Buddy-Book.app */,
				3FE5A60B290A7ED6000D2B45 /* Buddy-BookTests.xctest */,
				3FE5A615290A7ED7000D2B45 /* Buddy-BookUITests.xctest */,
			);
			name = Products;
			sourceTree = "<group>";
		};
		3FE5A5F7290A7ED0000D2B45 /* Buddy-Book */ = {
			isa = PBXGroup;
			children = (
				3FE5A5F8290A7ED0000D2B45 /* AppDelegate.swift */,
				3FE5A5FA290A7ED0000D2B45 /* SceneDelegate.swift */,
				3FE5A5FC290A7ED0000D2B45 /* ViewController.swift */,
				3FE5A5FE290A7ED0000D2B45 /* Main.storyboard */,
				3FE5A601290A7ED6000D2B45 /* Assets.xcassets */,
				3FE5A603290A7ED6000D2B45 /* LaunchScreen.storyboard */,
				3FE5A606290A7ED6000D2B45 /* Info.plist */,
			);
			path = "Buddy-Book";
			sourceTree = "<group>";
		};
		3FE5A60E290A7ED6000D2B45 /* Buddy-BookTests */ = {
			isa = PBXGroup;
			children = (
				3FE5A60F290A7ED6000D2B45 /* Buddy_BookTests.swift */,
			);
			path = "Buddy-BookTests";
			sourceTree = "<group>";
		};
		3FE5A618290A7ED7000D2B45 /* Buddy-BookUITests */ = {
			isa = PBXGroup;
			children = (
				3FE5A619290A7ED7000D2B45 /* Buddy_BookUITests.swift */,
				3FE5A61B290A7ED7000D2B45 /* Buddy_BookUITestsLaunchTests.swift */,
			);
			path = "Buddy-BookUITests";
			sourceTree = "<group>";
		};
/* End PBXGroup section */

/* Begin PBXNativeTarget section */
		3FE5A5F4290A7ED0000D2B45 /* Buddy-Book */ = {
			isa = PBXNativeTarget;
			buildConfigurationList = 3FE5A61F290A7ED7000D2B45 /* Build configuration list for PBXNativeTarget "Buddy-Book" */;
			buildPhases = (
				3FE5A5F1290A7ED0000D2B45 /* Sources */,
				3FE5A5F2290A7ED0000D2B45 /* Frameworks */,
				3FE5A5F3290A7ED0000D2B45 /* Resources */,
			);
			buildRules = (
			);
			dependencies = (
			);
			name = "Buddy-Book";
			productName = "Buddy-Book";
			productReference = 3FE5A5F5290A7ED0000D2B45 /* Buddy-Book.app */;
			productType = "com.apple.product-type.application";
		};
		3FE5A60A290A7ED6000D2B45 /* Buddy-BookTests */ = {
			isa = PBXNativeTarget;
			buildConfigurationList = 3FE5A622290A7ED7000D2B45 /* Build configuration list for PBXNativeTarget "Buddy-BookTests" */;
			buildPhases = (
				3FE5A607290A7ED6000D2B45 /* Sources */,
				3FE5A608290A7ED6000D2B45 /* Frameworks */,
				3FE5A609290A7ED6000D2B45 /* Resources */,
			);
			buildRules = (
			);
			dependencies = (
				3FE5A60D290A7ED6000D2B45 /* PBXTargetDependency */,
			);
			name = "Buddy-BookTests";
			productName = "Buddy-BookTests";
			productReference = 3FE5A60B290A7ED6000D2B45 /* Buddy-BookTests.xctest */;
			productType = "com.apple.product-type.bundle.unit-test";
		};
		3FE5A614290A7ED7000D2B45 /* Buddy-BookUITests */ = {
			isa = PBXNativeTarget;
			buildConfigurationList = 3FE5A625290A7ED7000D2B45 /* Build configuration list for PBXNativeTarget "Buddy-BookUITests" */;
			buildPhases = (
				3FE5A611290A7ED7000D2B45 /* Sources */,
				3FE5A612290A7ED7000D2B45 /* Frameworks */,
				3FE5A613290A7ED7000D2B45 /* Resources */,
			);
			buildRules = (
			);
			dependencies = (
				3FE5A617290A7ED7000D2B45 /* PBXTargetDependency */,
			);
			name = "Buddy-BookUITests";
			productName = "Buddy-BookUITests";
			productReference = 3FE5A615290A7ED7000D2B45 /* Buddy-BookUITests.xctest */;
			productType = "com.apple.product-type.bundle.ui-testing";
		};
/* End PBXNativeTarget section */

/* Begin PBXProject section */
		3FE5A5ED290A7ED0000D2B45 /* Project object */ = {
			isa = PBXProject;
			attributes = {
				BuildIndependentTargetsInParallel = 1;
				LastSwiftUpdateCheck = 1400;
				LastUpgradeCheck = 1400;
				TargetAttributes = {
					3FE5A5F4290A7ED0000D2B45 = {
						CreatedOnToolsVersion = 14.0;
					};
					3FE5A60A290A7ED6000D2B45 = {
						CreatedOnToolsVersion = 14.0;
						TestTargetID = 3FE5A5F4290A7ED0000D2B45;
					};
					3FE5A614290A7ED7000D2B45 = {
						CreatedOnToolsVersion = 14.0;
						TestTargetID = 3FE5A5F4290A7ED0000D2B45;
					};
				};
			};
			buildConfigurationList = 3FE5A5F0290A7ED0000D2B45 /* Build configuration list for PBXProject "Buddy-Book" */;
			compatibilityVersion = "Xcode 14.0";
			developmentRegion = en;
			hasScannedForEncodings = 0;
			knownRegions = (
				en,
				Base,
			);
			mainGroup = 3FE5A5EC290A7ED0000D2B45;
			productRefGroup = 3FE5A5F6290A7ED0000D2B45 /* Products */;
			projectDirPath = "";
			projectRoot = "";
			targets = (
				3FE5A5F4290A7ED0000D2B45 /* Buddy-Book */,
				3FE5A60A290A7ED6000D2B45 /* Buddy-BookTests */,
				3FE5A614290A7ED7000D2B45 /* Buddy-BookUITests */,
			);
		};
/* End PBXProject section */

/* Begin PBXResourcesBuildPhase section */
		3FE5A5F3290A7ED0000D2B45 /* Resources */ = {
			isa = PBXResourcesBuildPhase;
			buildActionMask = 2147483647;
			files = (
				3FE5A605290A7ED6000D2B45 /* LaunchScreen.storyboard in Resources */,
				3FE5A602290A7ED6000D2B45 /* Assets.xcassets in Resources */,
				3FE5A600290A7ED0000D2B45 /* Main.storyboard in Resources */,
			);
			runOnlyForDeploymentPostprocessing = 0;
		};
		3FE5A609290A7ED6000D2B45 /* Resources */ = {
			isa = PBXResourcesBuildPhase;
			buildActionMask = 2147483647;
			files = (
			);
			runOnlyForDeploymentPostprocessing = 0;
		};
		3FE5A613290A7ED7000D2B45 /* Resources */ = {
			isa = PBXResourcesBuildPhase;
			buildActionMask = 2147483647;
			files = (
			);
			runOnlyForDeploymentPostprocessing = 0;
		};
/* End PBXResourcesBuildPhase section */

/* Begin PBXSourcesBuildPhase section */
		3FE5A5F1290A7ED0000D2B45 /* Sources */ = {
			isa = PBXSourcesBuildPhase;
			buildActionMask = 2147483647;
			files = (
				3FE5A5FD290A7ED0000D2B45 /* ViewController.swift in Sources */,
				3FE5A5F9290A7ED0000D2B45 /* AppDelegate.swift in Sources */,
				3FE5A5FB290A7ED0000D2B45 /* SceneDelegate.swift in Sources */,
			);
			runOnlyForDeploymentPostprocessing = 0;
		};
		3FE5A607290A7ED6000D2B45 /* Sources */ = {
			isa = PBXSourcesBuildPhase;
			buildActionMask = 2147483647;
			files = (
				3FE5A610290A7ED6000D2B45 /* Buddy_BookTests.swift in Sources */,
			);
			runOnlyForDeploymentPostprocessing = 0;
		};
		3FE5A611290A7ED7000D2B45 /* Sources */ = {
			isa = PBXSourcesBuildPhase;
			buildActionMask = 2147483647;
			files = (
				3FE5A61C290A7ED7000D2B45 /* Buddy_BookUITestsLaunchTests.swift in Sources */,
				3FE5A61A290A7ED7000D2B45 /* Buddy_BookUITests.swift in Sources */,
			);
			runOnlyForDeploymentPostprocessing = 0;
		};
/* End PBXSourcesBuildPhase section */

/* Begin PBXTargetDependency section */
		3FE5A60D290A7ED6000D2B45 /* PBXTargetDependency */ = {
			isa = PBXTargetDependency;
			target = 3FE5A5F4290A7ED0000D2B45 /* Buddy-Book */;
			targetProxy = 3FE5A60C290A7ED6000D2B45 /* PBXContainerItemProxy */;
		};
		3FE5A617290A7ED7000D2B45 /* PBXTargetDependency */ = {
			isa = PBXTargetDependency;
			target = 3FE5A5F4290A7ED0000D2B45 /* Buddy-Book */;
			targetProxy = 3FE5A616290A7ED7000D2B45 /* PBXContainerItemProxy */;
		};
/* End PBXTargetDependency section */

/* Begin PBXVariantGroup section */
		3FE5A5FE290A7ED0000D2B45 /* Main.storyboard */ = {
			isa = PBXVariantGroup;
			children = (
				3FE5A5FF290A7ED0000D2B45 /* Base */,
			);
			name = Main.storyboard;
			sourceTree = "<group>";
		};
		3FE5A603290A7ED6000D2B45 /* LaunchScreen.storyboard */ = {
			isa = PBXVariantGroup;
			children = (
				3FE5A604290A7ED6000D2B45 /* Base */,
			);
			name = LaunchScreen.storyboard;
			sourceTree = "<group>";
		};
/* End PBXVariantGroup section */

/* Begin XCBuildConfiguration section */
		3FE5A61D290A7ED7000D2B45 /* Debug */ = {
			isa = XCBuildConfiguration;
			buildSettings = {
				ALWAYS_SEARCH_USER_PATHS = NO;
				CLANG_ANALYZER_NONNULL = YES;
				CLANG_ANALYZER_NUMBER_OBJECT_CONVERSION = YES_AGGRESSIVE;
				CLANG_CXX_LANGUAGE_STANDARD = "gnu++20";
				CLANG_ENABLE_MODULES = YES;
				CLANG_ENABLE_OBJC_ARC = YES;
				CLANG_ENABLE_OBJC_WEAK = YES;
				CLANG_WARN_BLOCK_CAPTURE_AUTORELEASING = YES;
				CLANG_WARN_BOOL_CONVERSION = YES;
				CLANG_WARN_COMMA = YES;
				CLANG_WARN_CONSTANT_CONVERSION = YES;
				CLANG_WARN_DEPRECATED_OBJC_IMPLEMENTATIONS = YES;
				CLANG_WARN_DIRECT_OBJC_ISA_USAGE = YES_ERROR;
				CLANG_WARN_DOCUMENTATION_COMMENTS = YES;
				CLANG_WARN_EMPTY_BODY = YES;
				CLANG_WARN_ENUM_CONVERSION = YES;
				CLANG_WARN_INFINITE_RECURSION = YES;
				CLANG_WARN_INT_CONVERSION = YES;
				CLANG_WARN_NON_LITERAL_NULL_CONVERSION = YES;
				CLANG_WARN_OBJC_IMPLICIT_RETAIN_SELF = YES;
				CLANG_WARN_OBJC_LITERAL_CONVERSION = YES;
				CLANG_WARN_OBJC_ROOT_CLASS = YES_ERROR;
				CLANG_WARN_QUOTED_INCLUDE_IN_FRAMEWORK_HEADER = YES;
				CLANG_WARN_RANGE_LOOP_ANALYSIS = YES;
				CLANG_WARN_STRICT_PROTOTYPES = YES;
				CLANG_WARN_SUSPICIOUS_MOVE = YES;
				CLANG_WARN_UNGUARDED_AVAILABILITY = YES_AGGRESSIVE;
				CLANG_WARN_UNREACHABLE_CODE = YES;
				CLANG_WARN__DUPLICATE_METHOD_MATCH = YES;
				COPY_PHASE_STRIP = NO;
				DEBUG_INFORMATION_FORMAT = dwarf;
				ENABLE_STRICT_OBJC_MSGSEND = YES;
				ENABLE_TESTABILITY = YES;
				GCC_C_LANGUAGE_STANDARD = gnu11;
				GCC_DYNAMIC_NO_PIC = NO;
				GCC_NO_COMMON_BLOCKS = YES;
				GCC_OPTIMIZATION_LEVEL = 0;
				GCC_PREPROCESSOR_DEFINITIONS = (
					"DEBUG=1",
					"$(inherited)",
				);
				GCC_WARN_64_TO_32_BIT_CONVERSION = YES;
				GCC_WARN_ABOUT_RETURN_TYPE = YES_ERROR;
				GCC_WARN_UNDECLARED_SELECTOR = YES;
				GCC_WARN_UNINITIALIZED_AUTOS = YES_AGGRESSIVE;
				GCC_WARN_UNUSED_FUNCTION = YES;
				GCC_WARN_UNUSED_VARIABLE = YES;
				IPHONEOS_DEPLOYMENT_TARGET = 16.0;
				MTL_ENABLE_DEBUG_INFO = INCLUDE_SOURCE;
				MTL_FAST_MATH = YES;
				ONLY_ACTIVE_ARCH = YES;
				SDKROOT = iphoneos;
				SWIFT_ACTIVE_COMPILATION_CONDITIONS = DEBUG;
				SWIFT_OPTIMIZATION_LEVEL = "-Onone";
			};
			name = Debug;
		};
		3FE5A61E290A7ED7000D2B45 /* Release */ = {
			isa = XCBuildConfiguration;
			buildSettings = {
				ALWAYS_SEARCH_USER_PATHS = NO;
				CLANG_ANALYZER_NONNULL = YES;
				CLANG_ANALYZER_NUMBER_OBJECT_CONVERSION = YES_AGGRESSIVE;
				CLANG_CXX_LANGUAGE_STANDARD = "gnu++20";
				CLANG_ENABLE_MODULES = YES;
				CLANG_ENABLE_OBJC_ARC = YES;
				CLANG_ENABLE_OBJC_WEAK = YES;
				CLANG_WARN_BLOCK_CAPTURE_AUTORELEASING = YES;
				CLANG_WARN_BOOL_CONVERSION = YES;
				CLANG_WARN_COMMA = YES;
				CLANG_WARN_CONSTANT_CONVERSION = YES;
				CLANG_WARN_DEPRECATED_OBJC_IMPLEMENTATIONS = YES;
				CLANG_WARN_DIRECT_OBJC_ISA_USAGE = YES_ERROR;
				CLANG_WARN_DOCUMENTATION_COMMENTS = YES;
				CLANG_WARN_EMPTY_BODY = YES;
				CLANG_WARN_ENUM_CONVERSION = YES;
				CLANG_WARN_INFINITE_RECURSION = YES;
				CLANG_WARN_INT_CONVERSION = YES;
				CLANG_WARN_NON_LITERAL_NULL_CONVERSION = YES;
				CLANG_WARN_OBJC_IMPLICIT_RETAIN_SELF = YES;
				CLANG_WARN_OBJC_LITERAL_CONVERSION = YES;
				CLANG_WARN_OBJC_ROOT_CLASS = YES_ERROR;
				CLANG_WARN_QUOTED_INCLUDE_IN_FRAMEWORK_HEADER = YES;
				CLANG_WARN_RANGE_LOOP_ANALYSIS = YES;
				CLANG_WARN_STRICT_PROTOTYPES = YES;
				CLANG_WARN_SUSPICIOUS_MOVE = YES;
				CLANG_WARN_UNGUARDED_AVAILABILITY = YES_AGGRESSIVE;
				CLANG_WARN_UNREACHABLE_CODE = YES;
				CLANG_WARN__DUPLICATE_METHOD_MATCH = YES;
				COPY_PHASE_STRIP = NO;
				DEBUG_INFORMATION_FORMAT = "dwarf-with-dsym";
				ENABLE_NS_ASSERTIONS = NO;
				ENABLE_STRICT_OBJC_MSGSEND = YES;
				GCC_C_LANGUAGE_STANDARD = gnu11;
				GCC_NO_COMMON_BLOCKS = YES;
				GCC_WARN_64_TO_32_BIT_CONVERSION = YES;
				GCC_WARN_ABOUT_RETURN_TYPE = YES_ERROR;
				GCC_WARN_UNDECLARED_SELECTOR = YES;
				GCC_WARN_UNINITIALIZED_AUTOS = YES_AGGRESSIVE;
				GCC_WARN_UNUSED_FUNCTION = YES;
				GCC_WARN_UNUSED_VARIABLE = YES;
				IPHONEOS_DEPLOYMENT_TARGET = 16.0;
				MTL_ENABLE_DEBUG_INFO = NO;
				MTL_FAST_MATH = YES;
				SDKROOT = iphoneos;
				SWIFT_COMPILATION_MODE = wholemodule;
				SWIFT_OPTIMIZATION_LEVEL = "-O";
				VALIDATE_PRODUCT = YES;
			};
			name = Release;
		};
		3FE5A620290A7ED7000D2B45 /* Debug */ = {
			isa = XCBuildConfiguration;
			buildSettings = {
				ASSETCATALOG_COMPILER_APPICON_NAME = AppIcon;
				ASSETCATALOG_COMPILER_GLOBAL_ACCENT_COLOR_NAME = AccentColor;
				CODE_SIGN_STYLE = Automatic;
				CURRENT_PROJECT_VERSION = 1;
				GENERATE_INFOPLIST_FILE = YES;
				INFOPLIST_FILE = "Buddy-Book/Info.plist";
				INFOPLIST_KEY_UIApplicationSupportsIndirectInputEvents = YES;
				INFOPLIST_KEY_UILaunchStoryboardName = LaunchScreen;
				INFOPLIST_KEY_UIMainStoryboardFile = Main;
				INFOPLIST_KEY_UISupportedInterfaceOrientations_iPad = "UIInterfaceOrientationPortrait UIInterfaceOrientationPortraitUpsideDown UIInterfaceOrientationLandscapeLeft UIInterfaceOrientationLandscapeRight";
				INFOPLIST_KEY_UISupportedInterfaceOrientations_iPhone = "UIInterfaceOrientationPortrait UIInterfaceOrientationLandscapeLeft UIInterfaceOrientationLandscapeRight";
				LD_RUNPATH_SEARCH_PATHS = (
					"$(inherited)",
					"@executable_path/Frameworks",
				);
				MARKETING_VERSION = 1.0;
				PRODUCT_BUNDLE_IDENTIFIER = "uh.Buddy-Book";
				PRODUCT_NAME = "$(TARGET_NAME)";
				SWIFT_EMIT_LOC_STRINGS = YES;
				SWIFT_VERSION = 5.0;
				TARGETED_DEVICE_FAMILY = "1,2";
			};
			name = Debug;
		};
		3FE5A621290A7ED7000D2B45 /* Release */ = {
			isa = XCBuildConfiguration;
			buildSettings = {
				ASSETCATALOG_COMPILER_APPICON_NAME = AppIcon;
				ASSETCATALOG_COMPILER_GLOBAL_ACCENT_COLOR_NAME = AccentColor;
				CODE_SIGN_STYLE = Automatic;
				CURRENT_PROJECT_VERSION = 1;
				GENERATE_INFOPLIST_FILE = YES;
				INFOPLIST_FILE = "Buddy-Book/Info.plist";
				INFOPLIST_KEY_UIApplicationSupportsIndirectInputEvents = YES;
				INFOPLIST_KEY_UILaunchStoryboardName = LaunchScreen;
				INFOPLIST_KEY_UIMainStoryboardFile = Main;
				INFOPLIST_KEY_UISupportedInterfaceOrientations_iPad = "UIInterfaceOrientationPortrait UIInterfaceOrientationPortraitUpsideDown UIInterfaceOrientationLandscapeLeft UIInterfaceOrientationLandscapeRight";
				INFOPLIST_KEY_UISupportedInterfaceOrientations_iPhone = "UIInterfaceOrientationPortrait UIInterfaceOrientationLandscapeLeft UIInterfaceOrientationLandscapeRight";
				LD_RUNPATH_SEARCH_PATHS = (
					"$(inherited)",
					"@executable_path/Frameworks",
				);
				MARKETING_VERSION = 1.0;
				PRODUCT_BUNDLE_IDENTIFIER = "uh.Buddy-Book";
				PRODUCT_NAME = "$(TARGET_NAME)";
				SWIFT_EMIT_LOC_STRINGS = YES;
				SWIFT_VERSION = 5.0;
				TARGETED_DEVICE_FAMILY = "1,2";
			};
			name = Release;
		};
		3FE5A623290A7ED7000D2B45 /* Debug */ = {
			isa = XCBuildConfiguration;
			buildSettings = {
				ALWAYS_EMBED_SWIFT_STANDARD_LIBRARIES = YES;
				BUNDLE_LOADER = "$(TEST_HOST)";
				CODE_SIGN_STYLE = Automatic;
				CURRENT_PROJECT_VERSION = 1;
				GENERATE_INFOPLIST_FILE = YES;
				IPHONEOS_DEPLOYMENT_TARGET = 16.0;
				MARKETING_VERSION = 1.0;
				PRODUCT_BUNDLE_IDENTIFIER = "uh.Buddy-BookTests";
				PRODUCT_NAME = "$(TARGET_NAME)";
				SWIFT_EMIT_LOC_STRINGS = NO;
				SWIFT_VERSION = 5.0;
				TARGETED_DEVICE_FAMILY = "1,2";
				TEST_HOST = "$(BUILT_PRODUCTS_DIR)/Buddy-Book.app/$(BUNDLE_EXECUTABLE_FOLDER_PATH)/Buddy-Book";
			};
			name = Debug;
		};
		3FE5A624290A7ED7000D2B45 /* Release */ = {
			isa = XCBuildConfiguration;
			buildSettings = {
				ALWAYS_EMBED_SWIFT_STANDARD_LIBRARIES = YES;
				BUNDLE_LOADER = "$(TEST_HOST)";
				CODE_SIGN_STYLE = Automatic;
				CURRENT_PROJECT_VERSION = 1;
				GENERATE_INFOPLIST_FILE = YES;
				IPHONEOS_DEPLOYMENT_TARGET = 16.0;
				MARKETING_VERSION = 1.0;
				PRODUCT_BUNDLE_IDENTIFIER = "uh.Buddy-BookTests";
				PRODUCT_NAME = "$(TARGET_NAME)";
				SWIFT_EMIT_LOC_STRINGS = NO;
				SWIFT_VERSION = 5.0;
				TARGETED_DEVICE_FAMILY = "1,2";
				TEST_HOST = "$(BUILT_PRODUCTS_DIR)/Buddy-Book.app/$(BUNDLE_EXECUTABLE_FOLDER_PATH)/Buddy-Book";
			};
			name = Release;
		};
		3FE5A626290A7ED7000D2B45 /* Debug */ = {
			isa = XCBuildConfiguration;
			buildSettings = {
				ALWAYS_EMBED_SWIFT_STANDARD_LIBRARIES = YES;
				CODE_SIGN_STYLE = Automatic;
				CURRENT_PROJECT_VERSION = 1;
				GENERATE_INFOPLIST_FILE = YES;
				MARKETING_VERSION = 1.0;
				PRODUCT_BUNDLE_IDENTIFIER = "uh.Buddy-BookUITests";
				PRODUCT_NAME = "$(TARGET_NAME)";
				SWIFT_EMIT_LOC_STRINGS = NO;
				SWIFT_VERSION = 5.0;
				TARGETED_DEVICE_FAMILY = "1,2";
				TEST_TARGET_NAME = "Buddy-Book";
			};
			name = Debug;
		};
		3FE5A627290A7ED7000D2B45 /* Release */ = {
			isa = XCBuildConfiguration;
			buildSettings = {
				ALWAYS_EMBED_SWIFT_STANDARD_LIBRARIES = YES;
				CODE_SIGN_STYLE = Automatic;
				CURRENT_PROJECT_VERSION = 1;
				GENERATE_INFOPLIST_FILE = YES;
				MARKETING_VERSION = 1.0;
				PRODUCT_BUNDLE_IDENTIFIER = "uh.Buddy-BookUITests";
				PRODUCT_NAME = "$(TARGET_NAME)";
				SWIFT_EMIT_LOC_STRINGS = NO;
				SWIFT_VERSION = 5.0;
				TARGETED_DEVICE_FAMILY = "1,2";
				TEST_TARGET_NAME = "Buddy-Book";
			};
			name = Release;
		};
/* End XCBuildConfiguration section */

/* Begin XCConfigurationList section */
		3FE5A5F0290A7ED0000D2B45 /* Build configuration list for PBXProject "Buddy-Book" */ = {
			isa = XCConfigurationList;
			buildConfigurations = (
				3FE5A61D290A7ED7000D2B45 /* Debug */,
				3FE5A61E290A7ED7000D2B45 /* Release */,
			);
			defaultConfigurationIsVisible = 0;
			defaultConfigurationName = Release;
		};
		3FE5A61F290A7ED7000D2B45 /* Build configuration list for PBXNativeTarget "Buddy-Book" */ = {
			isa = XCConfigurationList;
			buildConfigurations = (
				3FE5A620290A7ED7000D2B45 /* Debug */,
				3FE5A621290A7ED7000D2B45 /* Release */,
			);
			defaultConfigurationIsVisible = 0;
			defaultConfigurationName = Release;
		};
		3FE5A622290A7ED7000D2B45 /* Build configuration list for PBXNativeTarget "Buddy-BookTests" */ = {
			isa = XCConfigurationList;
			buildConfigurations = (
				3FE5A623290A7ED7000D2B45 /* Debug */,
				3FE5A624290A7ED7000D2B45 /* Release */,
			);
			defaultConfigurationIsVisible = 0;
			defaultConfigurationName = Release;
		};
		3FE5A625290A7ED7000D2B45 /* Build configuration list for PBXNativeTarget "Buddy-BookUITests" */ = {
			isa = XCConfigurationList;
			buildConfigurations = (
				3FE5A626290A7ED7000D2B45 /* Debug */,
				3FE5A627290A7ED7000D2B45 /* Release */,
			);
			defaultConfigurationIsVisible = 0;
			defaultConfigurationName = Release;
		};
/* End XCConfigurationList section */
	};
	rootObject = 3FE5A5ED290A7ED0000D2B45 /* Project object */;
}
